
Microsoft Visual Studio Solution File, Format Version 12.00
# Visual Studio Version 17
VisualStudioVersion = 17.1.32414.318
MinimumVisualStudioVersion = 10.0.40219.1
Project("{FAE04EC0-301F-11D3-BF4B-00C04F79EFBC}") = "TestSocketClient", "TestSocketClient\TestSocketClient.csproj", "{B0399F7C-4514-4100-965F-14156DDE1150}"
EndProject
Global
	GlobalSection(SolutionConfigurationPlatforms) = preSolution
		Debug|Any CPU = Debug|Any CPU
		Release|Any CPU = Release|Any CPU
	EndGlobalSection
	GlobalSection(ProjectConfigurationPlatforms) = postSolution
		{B0399F7C-4514-4100-965F-14156DDE1150}.Debug|Any CPU.ActiveCfg = Debug|Any CPU
		{B0399F7C-4514-4100-965F-14156DDE1150}.Debug|Any CPU.Build.0 = Debug|Any CPU
		{B0399F7C-4514-4100-965F-14156DDE1150}.Release|Any CPU.ActiveCfg = Release|Any CPU
		{B0399F7C-4514-4100-965F-14156DDE1150}.Release|Any CPU.Build.0 = Release|Any CPU
	EndGlobalSection
	GlobalSection(SolutionProperties) = preSolution
		HideSolutionNode = FALSE
	EndGlobalSection
	GlobalSection(ExtensibilityGlobals) = postSolution
		SolutionGuid = {B1FC17AB-44F0-4BCC-B802-74E79B3BC26C}
	EndGlobalSection
EndGlobal
