
Microsoft Visual Studio Solution File, Format Version 12.00
# Visual Studio Version 17
VisualStudioVersion = 17.1.32414.318
MinimumVisualStudioVersion = 10.0.40219.1
Project("{FAE04EC0-301F-11D3-BF4B-00C04F79EFBC}") = "PacketSnifferTest", "PacketSnifferTest\PacketSnifferTest.csproj", "{1A90DC91-E27D-48A1-9903-5C8FF7993C6D}"
EndProject
Project("{2150E333-8FDC-42A3-9474-1A3956D46DE8}") = "libs", "libs", "{4C64497B-CE62-4C0D-AE82-FCF4036EB191}"
	ProjectSection(SolutionItems) = preProject
		..\..\Users\Ruben\Downloads\npcap-sdk-1.12\Lib\x64\Packet.lib = ..\..\Users\Ruben\Downloads\npcap-sdk-1.12\Lib\x64\Packet.lib
		..\..\Users\Ruben\Downloads\npcap-sdk-1.12\Lib\x64\wpcap.lib = ..\..\Users\Ruben\Downloads\npcap-sdk-1.12\Lib\x64\wpcap.lib
	EndProjectSection
EndProject
Global
	GlobalSection(SolutionConfigurationPlatforms) = preSolution
		Debug|Any CPU = Debug|Any CPU
		Release|Any CPU = Release|Any CPU
	EndGlobalSection
	GlobalSection(ProjectConfigurationPlatforms) = postSolution
		{1A90DC91-E27D-48A1-9903-5C8FF7993C6D}.Debug|Any CPU.ActiveCfg = Debug|Any CPU
		{1A90DC91-E27D-48A1-9903-5C8FF7993C6D}.Debug|Any CPU.Build.0 = Debug|Any CPU
		{1A90DC91-E27D-48A1-9903-5C8FF7993C6D}.Release|Any CPU.ActiveCfg = Release|Any CPU
		{1A90DC91-E27D-48A1-9903-5C8FF7993C6D}.Release|Any CPU.Build.0 = Release|Any CPU
	EndGlobalSection
	GlobalSection(SolutionProperties) = preSolution
		HideSolutionNode = FALSE
	EndGlobalSection
	GlobalSection(ExtensibilityGlobals) = postSolution
		SolutionGuid = {C0DEEF8F-0E5F-45E0-B198-98FCA97D35E8}
	EndGlobalSection
EndGlobal
